{
  "version": 4,
  "terraform_version": "0.14.8",
  "serial": 74,
  "lineage": "c3ba9dfb-2b32-ef06-77ca-277aab3af829",
  "outputs": {},
  "resources": [
    {
      "mode": "data",
      "type": "aws_ssm_parameter",
      "name": "MasterAmi",
      "provider": "provider[\"registry.terraform.io/hashicorp/aws\"]",
      "instances": [
        {
          "schema_version": 0,
          "attributes": {
            "arn": "arn:aws:ssm:eu-central-1::parameter/aws/service/ami-amazon-linux-latest/amzn2-ami-hvm-x86_64-gp2",
            "id": "/aws/service/ami-amazon-linux-latest/amzn2-ami-hvm-x86_64-gp2",
            "name": "/aws/service/ami-amazon-linux-latest/amzn2-ami-hvm-x86_64-gp2",
            "type": "String",
            "value": "ami-0db9040eb3ab74509",
            "version": 44,
            "with_decryption": true
          },
          "sensitive_attributes": []
        }
      ]
    },
    {
      "mode": "managed",
      "type": "aws_instance",
      "name": "jenkins-master",
      "provider": "provider[\"registry.terraform.io/hashicorp/aws\"]",
      "instances": [
        {
          "schema_version": 1,
          "attributes": {
            "ami": "ami-0db9040eb3ab74509",
            "arn": "arn:aws:ec2:eu-central-1:379537366226:instance/i-0ac7d232a12259a26",
            "associate_public_ip_address": true,
            "availability_zone": "eu-central-1a",
            "cpu_core_count": 1,
            "cpu_threads_per_core": 1,
            "credit_specification": [
              {
                "cpu_credits": "standard"
              }
            ],
            "disable_api_termination": false,
            "ebs_block_device": [],
            "ebs_optimized": false,
            "enclave_options": [
              {
                "enabled": false
              }
            ],
            "ephemeral_block_device": [],
            "get_password_data": false,
            "hibernation": false,
            "host_id": null,
            "iam_instance_profile": "",
            "id": "i-0ac7d232a12259a26",
            "instance_initiated_shutdown_behavior": null,
            "instance_state": "running",
            "instance_type": "t2.micro",
            "ipv6_address_count": 0,
            "ipv6_addresses": [],
            "key_name": "labkey",
            "metadata_options": [
              {
                "http_endpoint": "enabled",
                "http_put_response_hop_limit": 1,
                "http_tokens": "optional"
              }
            ],
            "monitoring": false,
            "network_interface": [],
            "outpost_arn": "",
            "password_data": "",
            "placement_group": "",
            "primary_network_interface_id": "eni-02e50978ffebf5e86",
            "private_dns": "ip-192-168-2-120.eu-central-1.compute.internal",
            "private_ip": "192.168.2.120",
            "public_dns": "ec2-18-156-175-218.eu-central-1.compute.amazonaws.com",
            "public_ip": "18.156.175.218",
            "root_block_device": [
              {
                "delete_on_termination": true,
                "device_name": "/dev/xvda",
                "encrypted": false,
                "iops": 100,
                "kms_key_id": "",
                "tags": {},
                "throughput": 0,
                "volume_id": "vol-0d4b0295e43e0a06d",
                "volume_size": 8,
                "volume_type": "gp2"
              }
            ],
            "secondary_private_ips": [],
            "security_groups": [],
            "source_dest_check": true,
            "subnet_id": "subnet-0e346531c73ca6726",
            "tags": {
              "Name": "jenkins_master_tf"
            },
            "tenancy": "default",
            "timeouts": null,
            "user_data": null,
            "user_data_base64": null,
            "volume_tags": null,
            "vpc_security_group_ids": [
              "sg-069aea2f880e9ffa2"
            ]
          },
          "sensitive_attributes": [],
          "private": "eyJlMmJmYjczMC1lY2FhLTExZTYtOGY4OC0zNDM2M2JjN2M0YzAiOnsiY3JlYXRlIjo2MDAwMDAwMDAwMDAsImRlbGV0ZSI6MTIwMDAwMDAwMDAwMCwidXBkYXRlIjo2MDAwMDAwMDAwMDB9LCJzY2hlbWFfdmVyc2lvbiI6IjEifQ==",
          "dependencies": [
            "aws_key_pair.master-key",
            "aws_security_group.lab-sg",
            "aws_subnet.subnet_ci",
            "aws_vpc.vpc_lab",
            "data.aws_ssm_parameter.MasterAmi"
          ]
        }
      ]
    },
    {
      "mode": "managed",
      "type": "aws_internet_gateway",
      "name": "lab_gw",
      "provider": "provider[\"registry.terraform.io/hashicorp/aws\"]",
      "instances": [
        {
          "schema_version": 0,
          "attributes": {
            "arn": "arn:aws:ec2:eu-central-1:379537366226:internet-gateway/igw-0490164c58386ff0d",
            "id": "igw-0490164c58386ff0d",
            "owner_id": "379537366226",
            "tags": {
              "Name": "lab Gateway"
            },
            "vpc_id": "vpc-0a4f83bef311533ed"
          },
          "sensitive_attributes": [],
          "private": "bnVsbA==",
          "dependencies": [
            "aws_vpc.vpc_lab"
          ]
        }
      ]
    },
    {
      "mode": "managed",
      "type": "aws_key_pair",
      "name": "master-key",
      "provider": "provider[\"registry.terraform.io/hashicorp/aws\"]",
      "instances": [
        {
          "schema_version": 1,
          "attributes": {
            "arn": "arn:aws:ec2:eu-central-1:379537366226:key-pair/labkey",
            "fingerprint": "0d:33:52:eb:ed:bf:05:55:3b:1b:2f:a2:ef:9f:6c:2b",
            "id": "labkey",
            "key_name": "labkey",
            "key_name_prefix": null,
            "key_pair_id": "key-07d2dc2c6899c19ad",
            "public_key": "ssh-rsa AAAAB3NzaC1yc2EAAAADAQABAAABAQDolMyDQmKQkz740HfBs4NoPJHA5REpDGiyn8QVgqEKgVH5CrB/fccuCFlkfIP4EYSYV/u6IkhGUSdx3+5n94qPwd0Cf2G7WcrY0lbYa1lRfZs03GuaRY0ECuydwo6ws8DvZuOvgD1Zsg1wxiDMXeZCkM20q8qwbDqFlXqibjLAe3ZY1SOCiB3cyKG/qEWuORtWZnZ73/IHEUMhAHBgreg4rfQ6P8h2W/DxS8AmHvBlMsJ/s5vgmDd7LhuCWmtwBcwycyZnEIKZwGDQGmvfb15EvTQIOeMAMxLd0lPrNtdM3yQBMWRAWrvXANGmMj07Xb1jnHtLb8yGwt7OibbsVfmF ec2-user@ip-172-31-21-139.eu-north-1.compute.internal",
            "tags": null
          },
          "sensitive_attributes": [],
          "private": "eyJzY2hlbWFfdmVyc2lvbiI6IjEifQ=="
        }
      ]
    },
    {
      "mode": "managed",
      "type": "aws_route_table",
      "name": "internet_route_lab",
      "provider": "provider[\"registry.terraform.io/hashicorp/aws\"]",
      "instances": [
        {
          "schema_version": 0,
          "attributes": {
            "id": "rtb-0bcac6cd2352fbe9b",
            "owner_id": "379537366226",
            "propagating_vgws": [],
            "route": [
              {
                "cidr_block": "0.0.0.0/0",
                "egress_only_gateway_id": "",
                "gateway_id": "igw-0490164c58386ff0d",
                "instance_id": "",
                "ipv6_cidr_block": "",
                "local_gateway_id": "",
                "nat_gateway_id": "",
                "network_interface_id": "",
                "transit_gateway_id": "",
                "vpc_endpoint_id": "",
                "vpc_peering_connection_id": ""
              }
            ],
            "tags": {
              "Name": "lab-route-table"
            },
            "vpc_id": "vpc-0a4f83bef311533ed"
          },
          "sensitive_attributes": [],
          "private": "bnVsbA==",
          "dependencies": [
            "aws_internet_gateway.lab_gw",
            "aws_vpc.vpc_lab"
          ]
        }
      ]
    },
    {
      "mode": "managed",
      "type": "aws_route_table_association",
      "name": "cd_assoc",
      "provider": "provider[\"registry.terraform.io/hashicorp/aws\"]",
      "instances": [
        {
          "schema_version": 0,
          "attributes": {
            "gateway_id": null,
            "id": "rtbassoc-01ea8af0787f0e9db",
            "route_table_id": "rtb-0bcac6cd2352fbe9b",
            "subnet_id": "subnet-0a30a87f90b101893"
          },
          "sensitive_attributes": [],
          "private": "bnVsbA==",
          "dependencies": [
            "aws_internet_gateway.lab_gw",
            "aws_route_table.internet_route_lab",
            "aws_subnet.subnet_cd",
            "aws_vpc.vpc_lab"
          ]
        }
      ]
    },
    {
      "mode": "managed",
      "type": "aws_route_table_association",
      "name": "ci_assoc",
      "provider": "provider[\"registry.terraform.io/hashicorp/aws\"]",
      "instances": [
        {
          "schema_version": 0,
          "attributes": {
            "gateway_id": null,
            "id": "rtbassoc-0ee410b8ad0813d87",
            "route_table_id": "rtb-0bcac6cd2352fbe9b",
            "subnet_id": "subnet-0e346531c73ca6726"
          },
          "sensitive_attributes": [],
          "private": "bnVsbA==",
          "dependencies": [
            "aws_internet_gateway.lab_gw",
            "aws_route_table.internet_route_lab",
            "aws_subnet.subnet_ci",
            "aws_vpc.vpc_lab"
          ]
        }
      ]
    },
    {
      "mode": "managed",
      "type": "aws_security_group",
      "name": "lab-sg",
      "provider": "provider[\"registry.terraform.io/hashicorp/aws\"]",
      "instances": [
        {
          "schema_version": 1,
          "attributes": {
            "arn": "arn:aws:ec2:eu-central-1:379537366226:security-group/sg-069aea2f880e9ffa2",
            "description": "Allow TCP/8080 \u0026 TCP/22",
            "egress": [
              {
                "cidr_blocks": [
                  "0.0.0.0/0"
                ],
                "description": "",
                "from_port": 0,
                "ipv6_cidr_blocks": [],
                "prefix_list_ids": [],
                "protocol": "-1",
                "security_groups": [],
                "self": false,
                "to_port": 0
              }
            ],
            "id": "sg-069aea2f880e9ffa2",
            "ingress": [
              {
                "cidr_blocks": [
                  "0.0.0.0/0"
                ],
                "description": "Allow 22 from any",
                "from_port": 22,
                "ipv6_cidr_blocks": [],
                "prefix_list_ids": [],
                "protocol": "tcp",
                "security_groups": [],
                "self": false,
                "to_port": 22
              },
              {
                "cidr_blocks": [
                  "0.0.0.0/0"
                ],
                "description": "allow anyone on port 8080",
                "from_port": 8080,
                "ipv6_cidr_blocks": [],
                "prefix_list_ids": [],
                "protocol": "tcp",
                "security_groups": [],
                "self": false,
                "to_port": 8080
              }
            ],
            "name": "lab-sg",
            "name_prefix": "",
            "owner_id": "379537366226",
            "revoke_rules_on_delete": false,
            "tags": {
              "Name": "lab security group"
            },
            "timeouts": null,
            "vpc_id": "vpc-0a4f83bef311533ed"
          },
          "sensitive_attributes": [],
          "private": "eyJlMmJmYjczMC1lY2FhLTExZTYtOGY4OC0zNDM2M2JjN2M0YzAiOnsiY3JlYXRlIjo2MDAwMDAwMDAwMDAsImRlbGV0ZSI6NjAwMDAwMDAwMDAwfSwic2NoZW1hX3ZlcnNpb24iOiIxIn0=",
          "dependencies": [
            "aws_vpc.vpc_lab"
          ]
        }
      ]
    },
    {
      "mode": "managed",
      "type": "aws_subnet",
      "name": "subnet_cd",
      "provider": "provider[\"registry.terraform.io/hashicorp/aws\"]",
      "instances": [
        {
          "schema_version": 1,
          "attributes": {
            "arn": "arn:aws:ec2:eu-central-1:379537366226:subnet/subnet-0a30a87f90b101893",
            "assign_ipv6_address_on_creation": false,
            "availability_zone": "eu-central-1a",
            "availability_zone_id": "euc1-az2",
            "cidr_block": "192.168.3.0/24",
            "customer_owned_ipv4_pool": "",
            "id": "subnet-0a30a87f90b101893",
            "ipv6_cidr_block": "",
            "ipv6_cidr_block_association_id": "",
            "map_customer_owned_ip_on_launch": false,
            "map_public_ip_on_launch": false,
            "outpost_arn": "",
            "owner_id": "379537366226",
            "tags": {
              "Name": "CD subnet"
            },
            "tags_all": {
              "Name": "CD subnet"
            },
            "timeouts": null,
            "vpc_id": "vpc-0a4f83bef311533ed"
          },
          "sensitive_attributes": [],
          "private": "eyJlMmJmYjczMC1lY2FhLTExZTYtOGY4OC0zNDM2M2JjN2M0YzAiOnsiY3JlYXRlIjo2MDAwMDAwMDAwMDAsImRlbGV0ZSI6MTIwMDAwMDAwMDAwMH0sInNjaGVtYV92ZXJzaW9uIjoiMSJ9",
          "dependencies": [
            "aws_vpc.vpc_lab"
          ]
        }
      ]
    },
    {
      "mode": "managed",
      "type": "aws_subnet",
      "name": "subnet_ci",
      "provider": "provider[\"registry.terraform.io/hashicorp/aws\"]",
      "instances": [
        {
          "schema_version": 1,
          "attributes": {
            "arn": "arn:aws:ec2:eu-central-1:379537366226:subnet/subnet-0e346531c73ca6726",
            "assign_ipv6_address_on_creation": false,
            "availability_zone": "eu-central-1a",
            "availability_zone_id": "euc1-az2",
            "cidr_block": "192.168.2.0/24",
            "customer_owned_ipv4_pool": "",
            "id": "subnet-0e346531c73ca6726",
            "ipv6_cidr_block": "",
            "ipv6_cidr_block_association_id": "",
            "map_customer_owned_ip_on_launch": false,
            "map_public_ip_on_launch": false,
            "outpost_arn": "",
            "owner_id": "379537366226",
            "tags": {
              "Name": "CI subnet"
            },
            "tags_all": {
              "Name": "CI subnet"
            },
            "timeouts": null,
            "vpc_id": "vpc-0a4f83bef311533ed"
          },
          "sensitive_attributes": [],
          "private": "eyJlMmJmYjczMC1lY2FhLTExZTYtOGY4OC0zNDM2M2JjN2M0YzAiOnsiY3JlYXRlIjo2MDAwMDAwMDAwMDAsImRlbGV0ZSI6MTIwMDAwMDAwMDAwMH0sInNjaGVtYV92ZXJzaW9uIjoiMSJ9",
          "dependencies": [
            "aws_vpc.vpc_lab"
          ]
        }
      ]
    },
    {
      "mode": "managed",
      "type": "aws_vpc",
      "name": "vpc_lab",
      "provider": "provider[\"registry.terraform.io/hashicorp/aws\"]",
      "instances": [
        {
          "schema_version": 1,
          "attributes": {
            "arn": "arn:aws:ec2:eu-central-1:379537366226:vpc/vpc-0a4f83bef311533ed",
            "assign_generated_ipv6_cidr_block": false,
            "cidr_block": "192.168.2.0/23",
            "default_network_acl_id": "acl-0bad2f762828618ad",
            "default_route_table_id": "rtb-05ca8bccb03a69851",
            "default_security_group_id": "sg-097d0164f43ff5988",
            "dhcp_options_id": "dopt-cdef32a7",
            "enable_classiclink": null,
            "enable_classiclink_dns_support": null,
            "enable_dns_hostnames": true,
            "enable_dns_support": true,
            "id": "vpc-0a4f83bef311533ed",
            "instance_tenancy": "default",
            "ipv6_association_id": "",
            "ipv6_cidr_block": "",
            "main_route_table_id": "rtb-05ca8bccb03a69851",
            "owner_id": "379537366226",
            "tags": {
              "Name": "lab VPC"
            },
            "tags_all": {
              "Name": "lab VPC"
            }
          },
          "sensitive_attributes": [],
          "private": "eyJzY2hlbWFfdmVyc2lvbiI6IjEifQ=="
        }
      ]
    }
  ]
}
